
Microsoft Visual Studio Solution File, Format Version 12.00
# Visual Studio Version 16
VisualStudioVersion = 16.0.29009.5
MinimumVisualStudioVersion = 10.0.40219.1
Project("{FAE04EC0-301F-11D3-BF4B-00C04F79EFBC}") = "VisibilityProblem", "VisibilityProblem\VisibilityProblem.csproj", "{64F5E7EA-F210-4EC2-B646-85BB2B4C0C29}"
EndProject
Global
	GlobalSection(SolutionConfigurationPlatforms) = preSolution
		Debug|Any CPU = Debug|Any CPU
		Release|Any CPU = Release|Any CPU
	EndGlobalSection
	GlobalSection(ProjectConfigurationPlatforms) = postSolution
		{64F5E7EA-F210-4EC2-B646-85BB2B4C0C29}.Debug|Any CPU.ActiveCfg = Debug|Any CPU
		{64F5E7EA-F210-4EC2-B646-85BB2B4C0C29}.Debug|Any CPU.Build.0 = Debug|Any CPU
		{64F5E7EA-F210-4EC2-B646-85BB2B4C0C29}.Release|Any CPU.ActiveCfg = Release|Any CPU
		{64F5E7EA-F210-4EC2-B646-85BB2B4C0C29}.Release|Any CPU.Build.0 = Release|Any CPU
	EndGlobalSection
	GlobalSection(SolutionProperties) = preSolution
		HideSolutionNode = FALSE
	EndGlobalSection
	GlobalSection(ExtensibilityGlobals) = postSolution
		SolutionGuid = {F61640D8-7A15-4BE2-9B2F-3A6CA93FAD4E}
	EndGlobalSection
EndGlobal
